// !$*UTF8*$!
{
	archiveVersion = 1;
	classes = {
	};
	objectVersion = 50;
	objects = {

/* Begin PBXBuildFile section */
		D9294F0723C96E77000E3486 /* InformationSidebarViewController.swift in Sources */ = {isa = PBXBuildFile; fileRef = D9294F0523C96E77000E3486 /* InformationSidebarViewController.swift */; };
		D9294F0823C96E77000E3486 /* InformationSidebarViewController.xib in Resources */ = {isa = PBXBuildFile; fileRef = D9294F0623C96E77000E3486 /* InformationSidebarViewController.xib */; };
		D961D5CB23CA4C69005A7B4C /* PhaseViewController.swift in Sources */ = {isa = PBXBuildFile; fileRef = D961D5CA23CA4C69005A7B4C /* PhaseViewController.swift */; };
		D961D5CE23CA7B33005A7B4C /* ProductionViewController.swift in Sources */ = {isa = PBXBuildFile; fileRef = D961D5CC23CA7B33005A7B4C /* ProductionViewController.swift */; };
		D961D5CF23CA7B33005A7B4C /* ProductionViewController.xib in Resources */ = {isa = PBXBuildFile; fileRef = D961D5CD23CA7B33005A7B4C /* ProductionViewController.xib */; };
		D961D5D123CAC1E6005A7B4C /* markets.json in Resources */ = {isa = PBXBuildFile; fileRef = D961D5D023CAC1E6005A7B4C /* markets.json */; };
		D961D5D323CAC5A7005A7B4C /* Market.swift in Sources */ = {isa = PBXBuildFile; fileRef = D961D5D223CAC5A7005A7B4C /* Market.swift */; };
		D966549923D37712002E9C20 /* AssetSelectionViewController.swift in Sources */ = {isa = PBXBuildFile; fileRef = D966549723D37712002E9C20 /* AssetSelectionViewController.swift */; };
		D966549A23D37712002E9C20 /* AssetSelectionViewController.xib in Resources */ = {isa = PBXBuildFile; fileRef = D966549823D37712002E9C20 /* AssetSelectionViewController.xib */; };
		D966549D23D3B5C2002E9C20 /* InformationBottomViewController.swift in Sources */ = {isa = PBXBuildFile; fileRef = D966549B23D3B5C2002E9C20 /* InformationBottomViewController.swift */; };
		D966549E23D3B5C2002E9C20 /* InformationBottomViewController.xib in Resources */ = {isa = PBXBuildFile; fileRef = D966549C23D3B5C2002E9C20 /* InformationBottomViewController.xib */; };
		D987D4F323C4219900436137 /* AuctionViewController.swift in Sources */ = {isa = PBXBuildFile; fileRef = D987D4F123C4219900436137 /* AuctionViewController.swift */; };
		D987D4F423C4219900436137 /* AuctionViewController.xib in Resources */ = {isa = PBXBuildFile; fileRef = D987D4F223C4219900436137 /* AuctionViewController.xib */; };
		D987D4F823C424F300436137 /* AssetCollectionViewItem.swift in Sources */ = {isa = PBXBuildFile; fileRef = D987D4F623C424F300436137 /* AssetCollectionViewItem.swift */; };
		D987D4F923C424F300436137 /* AssetCollectionViewItem.xib in Resources */ = {isa = PBXBuildFile; fileRef = D987D4F723C424F300436137 /* AssetCollectionViewItem.xib */; };
		D9F3596B23CBCA19008D2C7A /* MarketViewController.swift in Sources */ = {isa = PBXBuildFile; fileRef = D9F3596923CBCA19008D2C7A /* MarketViewController.swift */; };
		D9F3596C23CBCA19008D2C7A /* MarketViewController.xib in Resources */ = {isa = PBXBuildFile; fileRef = D9F3596A23CBCA19008D2C7A /* MarketViewController.xib */; };
		D9F3596F23CBCCAD008D2C7A /* CommodityMarketViewItem.swift in Sources */ = {isa = PBXBuildFile; fileRef = D9F3596D23CBCCAD008D2C7A /* CommodityMarketViewItem.swift */; };
		D9F3597023CBCCAD008D2C7A /* CommodityMarketViewItem.xib in Resources */ = {isa = PBXBuildFile; fileRef = D9F3596E23CBCCAD008D2C7A /* CommodityMarketViewItem.xib */; };
		D9F716DA23C2D12700442437 /* AppDelegate.swift in Sources */ = {isa = PBXBuildFile; fileRef = D9F716D923C2D12700442437 /* AppDelegate.swift */; };
		D9F716DC23C2D12700442437 /* ViewController.swift in Sources */ = {isa = PBXBuildFile; fileRef = D9F716DB23C2D12700442437 /* ViewController.swift */; };
		D9F716DE23C2D12700442437 /* Assets.xcassets in Resources */ = {isa = PBXBuildFile; fileRef = D9F716DD23C2D12700442437 /* Assets.xcassets */; };
		D9F716E123C2D12700442437 /* Main.storyboard in Resources */ = {isa = PBXBuildFile; fileRef = D9F716DF23C2D12700442437 /* Main.storyboard */; };
		D9F716ED23C2D12700442437 /* Power_CrudeTests.swift in Sources */ = {isa = PBXBuildFile; fileRef = D9F716EC23C2D12700442437 /* Power_CrudeTests.swift */; };
		D9F716F823C2D12800442437 /* Power_CrudeUITests.swift in Sources */ = {isa = PBXBuildFile; fileRef = D9F716F723C2D12800442437 /* Power_CrudeUITests.swift */; };
		D9F7170923C2D26700442437 /* Asset.swift in Sources */ = {isa = PBXBuildFile; fileRef = D9F7170723C2D26700442437 /* Asset.swift */; };
		D9F7170A23C2D26700442437 /* Commodities.swift in Sources */ = {isa = PBXBuildFile; fileRef = D9F7170823C2D26700442437 /* Commodities.swift */; };
		D9F7170E23C2D2CE00442437 /* Assets.json in Resources */ = {isa = PBXBuildFile; fileRef = D9F7170D23C2D2CE00442437 /* Assets.json */; };
		D9F7171023C2D39D00442437 /* GameState.swift in Sources */ = {isa = PBXBuildFile; fileRef = D9F7170F23C2D39D00442437 /* GameState.swift */; };
		D9F792BA23C5789C0047A47D /* Player.swift in Sources */ = {isa = PBXBuildFile; fileRef = D9F792B923C5789C0047A47D /* Player.swift */; };
/* End PBXBuildFile section */

/* Begin PBXContainerItemProxy section */
		D9F716E923C2D12700442437 /* PBXContainerItemProxy */ = {
			isa = PBXContainerItemProxy;
			containerPortal = D9F716CE23C2D12700442437 /* Project object */;
			proxyType = 1;
			remoteGlobalIDString = D9F716D523C2D12700442437;
			remoteInfo = "Power Crude";
		};
		D9F716F423C2D12800442437 /* PBXContainerItemProxy */ = {
			isa = PBXContainerItemProxy;
			containerPortal = D9F716CE23C2D12700442437 /* Project object */;
			proxyType = 1;
			remoteGlobalIDString = D9F716D523C2D12700442437;
			remoteInfo = "Power Crude";
		};
/* End PBXContainerItemProxy section */

/* Begin PBXFileReference section */
		D9294F0523C96E77000E3486 /* InformationSidebarViewController.swift */ = {isa = PBXFileReference; lastKnownFileType = sourcecode.swift; path = InformationSidebarViewController.swift; sourceTree = "<group>"; };
		D9294F0623C96E77000E3486 /* InformationSidebarViewController.xib */ = {isa = PBXFileReference; lastKnownFileType = file.xib; path = InformationSidebarViewController.xib; sourceTree = "<group>"; };
		D961D5CA23CA4C69005A7B4C /* PhaseViewController.swift */ = {isa = PBXFileReference; lastKnownFileType = sourcecode.swift; path = PhaseViewController.swift; sourceTree = "<group>"; };
		D961D5CC23CA7B33005A7B4C /* ProductionViewController.swift */ = {isa = PBXFileReference; lastKnownFileType = sourcecode.swift; path = ProductionViewController.swift; sourceTree = "<group>"; };
		D961D5CD23CA7B33005A7B4C /* ProductionViewController.xib */ = {isa = PBXFileReference; lastKnownFileType = file.xib; path = ProductionViewController.xib; sourceTree = "<group>"; };
		D961D5D023CAC1E6005A7B4C /* markets.json */ = {isa = PBXFileReference; lastKnownFileType = text.json; name = markets.json; path = "Power Crude/markets.json"; sourceTree = SOURCE_ROOT; };
		D961D5D223CAC5A7005A7B4C /* Market.swift */ = {isa = PBXFileReference; lastKnownFileType = sourcecode.swift; path = Market.swift; sourceTree = "<group>"; };
		D966549723D37712002E9C20 /* AssetSelectionViewController.swift */ = {isa = PBXFileReference; lastKnownFileType = sourcecode.swift; path = AssetSelectionViewController.swift; sourceTree = "<group>"; };
		D966549823D37712002E9C20 /* AssetSelectionViewController.xib */ = {isa = PBXFileReference; lastKnownFileType = file.xib; path = AssetSelectionViewController.xib; sourceTree = "<group>"; };
		D966549B23D3B5C2002E9C20 /* InformationBottomViewController.swift */ = {isa = PBXFileReference; lastKnownFileType = sourcecode.swift; path = InformationBottomViewController.swift; sourceTree = "<group>"; };
		D966549C23D3B5C2002E9C20 /* InformationBottomViewController.xib */ = {isa = PBXFileReference; lastKnownFileType = file.xib; path = InformationBottomViewController.xib; sourceTree = "<group>"; };
		D987D4F123C4219900436137 /* AuctionViewController.swift */ = {isa = PBXFileReference; lastKnownFileType = sourcecode.swift; path = AuctionViewController.swift; sourceTree = "<group>"; };
		D987D4F223C4219900436137 /* AuctionViewController.xib */ = {isa = PBXFileReference; lastKnownFileType = file.xib; path = AuctionViewController.xib; sourceTree = "<group>"; };
		D987D4F623C424F300436137 /* AssetCollectionViewItem.swift */ = {isa = PBXFileReference; lastKnownFileType = sourcecode.swift; path = AssetCollectionViewItem.swift; sourceTree = "<group>"; };
		D987D4F723C424F300436137 /* AssetCollectionViewItem.xib */ = {isa = PBXFileReference; lastKnownFileType = file.xib; path = AssetCollectionViewItem.xib; sourceTree = "<group>"; };
		D9F3596923CBCA19008D2C7A /* MarketViewController.swift */ = {isa = PBXFileReference; lastKnownFileType = sourcecode.swift; path = MarketViewController.swift; sourceTree = "<group>"; };
		D9F3596A23CBCA19008D2C7A /* MarketViewController.xib */ = {isa = PBXFileReference; lastKnownFileType = file.xib; path = MarketViewController.xib; sourceTree = "<group>"; };
		D9F3596D23CBCCAD008D2C7A /* CommodityMarketViewItem.swift */ = {isa = PBXFileReference; lastKnownFileType = sourcecode.swift; path = CommodityMarketViewItem.swift; sourceTree = "<group>"; };
		D9F3596E23CBCCAD008D2C7A /* CommodityMarketViewItem.xib */ = {isa = PBXFileReference; lastKnownFileType = file.xib; path = CommodityMarketViewItem.xib; sourceTree = "<group>"; };
		D9F716D623C2D12700442437 /* Power Crude.app */ = {isa = PBXFileReference; explicitFileType = wrapper.application; includeInIndex = 0; path = "Power Crude.app"; sourceTree = BUILT_PRODUCTS_DIR; };
		D9F716D923C2D12700442437 /* AppDelegate.swift */ = {isa = PBXFileReference; lastKnownFileType = sourcecode.swift; path = AppDelegate.swift; sourceTree = "<group>"; };
		D9F716DB23C2D12700442437 /* ViewController.swift */ = {isa = PBXFileReference; lastKnownFileType = sourcecode.swift; path = ViewController.swift; sourceTree = "<group>"; };
		D9F716DD23C2D12700442437 /* Assets.xcassets */ = {isa = PBXFileReference; lastKnownFileType = folder.assetcatalog; path = Assets.xcassets; sourceTree = "<group>"; };
		D9F716E023C2D12700442437 /* Base */ = {isa = PBXFileReference; lastKnownFileType = file.storyboard; name = Base; path = Base.lproj/Main.storyboard; sourceTree = "<group>"; };
		D9F716E223C2D12700442437 /* Info.plist */ = {isa = PBXFileReference; lastKnownFileType = text.plist.xml; path = Info.plist; sourceTree = "<group>"; };
		D9F716E323C2D12700442437 /* Power_Crude.entitlements */ = {isa = PBXFileReference; lastKnownFileType = text.plist.entitlements; path = Power_Crude.entitlements; sourceTree = "<group>"; };
		D9F716E823C2D12700442437 /* Power CrudeTests.xctest */ = {isa = PBXFileReference; explicitFileType = wrapper.cfbundle; includeInIndex = 0; path = "Power CrudeTests.xctest"; sourceTree = BUILT_PRODUCTS_DIR; };
		D9F716EC23C2D12700442437 /* Power_CrudeTests.swift */ = {isa = PBXFileReference; lastKnownFileType = sourcecode.swift; path = Power_CrudeTests.swift; sourceTree = "<group>"; };
		D9F716EE23C2D12700442437 /* Info.plist */ = {isa = PBXFileReference; lastKnownFileType = text.plist.xml; path = Info.plist; sourceTree = "<group>"; };
		D9F716F323C2D12800442437 /* Power CrudeUITests.xctest */ = {isa = PBXFileReference; explicitFileType = wrapper.cfbundle; includeInIndex = 0; path = "Power CrudeUITests.xctest"; sourceTree = BUILT_PRODUCTS_DIR; };
		D9F716F723C2D12800442437 /* Power_CrudeUITests.swift */ = {isa = PBXFileReference; lastKnownFileType = sourcecode.swift; path = Power_CrudeUITests.swift; sourceTree = "<group>"; };
		D9F716F923C2D12800442437 /* Info.plist */ = {isa = PBXFileReference; lastKnownFileType = text.plist.xml; path = Info.plist; sourceTree = "<group>"; };
		D9F7170723C2D26700442437 /* Asset.swift */ = {isa = PBXFileReference; fileEncoding = 4; lastKnownFileType = sourcecode.swift; path = Asset.swift; sourceTree = "<group>"; };
		D9F7170823C2D26700442437 /* Commodities.swift */ = {isa = PBXFileReference; fileEncoding = 4; lastKnownFileType = sourcecode.swift; path = Commodities.swift; sourceTree = "<group>"; };
		D9F7170D23C2D2CE00442437 /* Assets.json */ = {isa = PBXFileReference; fileEncoding = 4; lastKnownFileType = text.json; name = Assets.json; path = "Power Crude/Assets.json"; sourceTree = SOURCE_ROOT; };
		D9F7170F23C2D39D00442437 /* GameState.swift */ = {isa = PBXFileReference; lastKnownFileType = sourcecode.swift; path = GameState.swift; sourceTree = "<group>"; };
		D9F792B923C5789C0047A47D /* Player.swift */ = {isa = PBXFileReference; lastKnownFileType = sourcecode.swift; path = Player.swift; sourceTree = "<group>"; };
/* End PBXFileReference section */

/* Begin PBXFrameworksBuildPhase section */
		D9F716D323C2D12700442437 /* Frameworks */ = {
			isa = PBXFrameworksBuildPhase;
			buildActionMask = 2147483647;
			files = (
			);
			runOnlyForDeploymentPostprocessing = 0;
		};
		D9F716E523C2D12700442437 /* Frameworks */ = {
			isa = PBXFrameworksBuildPhase;
			buildActionMask = 2147483647;
			files = (
			);
			runOnlyForDeploymentPostprocessing = 0;
		};
		D9F716F023C2D12800442437 /* Frameworks */ = {
			isa = PBXFrameworksBuildPhase;
			buildActionMask = 2147483647;
			files = (
			);
			runOnlyForDeploymentPostprocessing = 0;
		};
/* End PBXFrameworksBuildPhase section */

/* Begin PBXGroup section */
		D987D4F523C424D400436137 /* Views */ = {
			isa = PBXGroup;
			children = (
				D987D4F623C424F300436137 /* AssetCollectionViewItem.swift */,
				D987D4F723C424F300436137 /* AssetCollectionViewItem.xib */,
				D9F3596D23CBCCAD008D2C7A /* CommodityMarketViewItem.swift */,
				D9F3596E23CBCCAD008D2C7A /* CommodityMarketViewItem.xib */,
			);
			name = Views;
			sourceTree = "<group>";
		};
		D9F716CD23C2D12700442437 = {
			isa = PBXGroup;
			children = (
				D9F716D823C2D12700442437 /* Power Crude */,
				D9F716EB23C2D12700442437 /* Power CrudeTests */,
				D9F716F623C2D12800442437 /* Power CrudeUITests */,
				D9F716D723C2D12700442437 /* Products */,
			);
			sourceTree = "<group>";
		};
		D9F716D723C2D12700442437 /* Products */ = {
			isa = PBXGroup;
			children = (
				D9F716D623C2D12700442437 /* Power Crude.app */,
				D9F716E823C2D12700442437 /* Power CrudeTests.xctest */,
				D9F716F323C2D12800442437 /* Power CrudeUITests.xctest */,
			);
			name = Products;
			sourceTree = "<group>";
		};
		D9F716D823C2D12700442437 /* Power Crude */ = {
			isa = PBXGroup;
			children = (
				D9F716D923C2D12700442437 /* AppDelegate.swift */,
				D9F716DB23C2D12700442437 /* ViewController.swift */,
				D961D5CA23CA4C69005A7B4C /* PhaseViewController.swift */,
				D987D4F123C4219900436137 /* AuctionViewController.swift */,
				D987D4F223C4219900436137 /* AuctionViewController.xib */,
				D961D5CC23CA7B33005A7B4C /* ProductionViewController.swift */,
				D961D5CD23CA7B33005A7B4C /* ProductionViewController.xib */,
				D9F3596923CBCA19008D2C7A /* MarketViewController.swift */,
				D9F3596A23CBCA19008D2C7A /* MarketViewController.xib */,
				D9294F0523C96E77000E3486 /* InformationSidebarViewController.swift */,
				D9294F0623C96E77000E3486 /* InformationSidebarViewController.xib */,
				D966549B23D3B5C2002E9C20 /* InformationBottomViewController.swift */,
				D966549C23D3B5C2002E9C20 /* InformationBottomViewController.xib */,
				D966549723D37712002E9C20 /* AssetSelectionViewController.swift */,
				D966549823D37712002E9C20 /* AssetSelectionViewController.xib */,
				D9F716DD23C2D12700442437 /* Assets.xcassets */,
				D9F716DF23C2D12700442437 /* Main.storyboard */,
				D9F716E223C2D12700442437 /* Info.plist */,
				D9F716E323C2D12700442437 /* Power_Crude.entitlements */,
				D9F7170523C2D1F300442437 /* Model */,
				D9F7170C23C2D2C000442437 /* Resources */,
				D987D4F523C424D400436137 /* Views */,
			);
			path = "Power Crude";
			sourceTree = "<group>";
		};
		D9F716EB23C2D12700442437 /* Power CrudeTests */ = {
			isa = PBXGroup;
			children = (
				D9F716EC23C2D12700442437 /* Power_CrudeTests.swift */,
				D9F716EE23C2D12700442437 /* Info.plist */,
			);
			path = "Power CrudeTests";
			sourceTree = "<group>";
		};
		D9F716F623C2D12800442437 /* Power CrudeUITests */ = {
			isa = PBXGroup;
			children = (
				D9F716F723C2D12800442437 /* Power_CrudeUITests.swift */,
				D9F716F923C2D12800442437 /* Info.plist */,
			);
			path = "Power CrudeUITests";
			sourceTree = "<group>";
		};
		D9F7170523C2D1F300442437 /* Model */ = {
			isa = PBXGroup;
			children = (
				D9F7170723C2D26700442437 /* Asset.swift */,
				D9F7170823C2D26700442437 /* Commodities.swift */,
				D961D5D223CAC5A7005A7B4C /* Market.swift */,
				D9F7170F23C2D39D00442437 /* GameState.swift */,
				D9F792B923C5789C0047A47D /* Player.swift */,
			);
			name = Model;
			sourceTree = "<group>";
		};
		D9F7170C23C2D2C000442437 /* Resources */ = {
			isa = PBXGroup;
			children = (
				D9F7170D23C2D2CE00442437 /* Assets.json */,
				D961D5D023CAC1E6005A7B4C /* markets.json */,
			);
			path = Resources;
			sourceTree = "<group>";
		};
/* End PBXGroup section */

/* Begin PBXNativeTarget section */
		D9F716D523C2D12700442437 /* Power Crude */ = {
			isa = PBXNativeTarget;
			buildConfigurationList = D9F716FC23C2D12800442437 /* Build configuration list for PBXNativeTarget "Power Crude" */;
			buildPhases = (
				D9F716D223C2D12700442437 /* Sources */,
				D9F716D323C2D12700442437 /* Frameworks */,
				D9F716D423C2D12700442437 /* Resources */,
			);
			buildRules = (
			);
			dependencies = (
			);
			name = "Power Crude";
			productName = "Power Crude";
			productReference = D9F716D623C2D12700442437 /* Power Crude.app */;
			productType = "com.apple.product-type.application";
		};
		D9F716E723C2D12700442437 /* Power CrudeTests */ = {
			isa = PBXNativeTarget;
			buildConfigurationList = D9F716FF23C2D12800442437 /* Build configuration list for PBXNativeTarget "Power CrudeTests" */;
			buildPhases = (
				D9F716E423C2D12700442437 /* Sources */,
				D9F716E523C2D12700442437 /* Frameworks */,
				D9F716E623C2D12700442437 /* Resources */,
			);
			buildRules = (
			);
			dependencies = (
				D9F716EA23C2D12700442437 /* PBXTargetDependency */,
			);
			name = "Power CrudeTests";
			productName = "Power CrudeTests";
			productReference = D9F716E823C2D12700442437 /* Power CrudeTests.xctest */;
			productType = "com.apple.product-type.bundle.unit-test";
		};
		D9F716F223C2D12800442437 /* Power CrudeUITests */ = {
			isa = PBXNativeTarget;
			buildConfigurationList = D9F7170223C2D12800442437 /* Build configuration list for PBXNativeTarget "Power CrudeUITests" */;
			buildPhases = (
				D9F716EF23C2D12800442437 /* Sources */,
				D9F716F023C2D12800442437 /* Frameworks */,
				D9F716F123C2D12800442437 /* Resources */,
			);
			buildRules = (
			);
			dependencies = (
				D9F716F523C2D12800442437 /* PBXTargetDependency */,
			);
			name = "Power CrudeUITests";
			productName = "Power CrudeUITests";
			productReference = D9F716F323C2D12800442437 /* Power CrudeUITests.xctest */;
			productType = "com.apple.product-type.bundle.ui-testing";
		};
/* End PBXNativeTarget section */

/* Begin PBXProject section */
		D9F716CE23C2D12700442437 /* Project object */ = {
			isa = PBXProject;
			attributes = {
				LastSwiftUpdateCheck = 1130;
				LastUpgradeCheck = 1130;
				ORGANIZATIONNAME = "William Everett";
				TargetAttributes = {
					D9F716D523C2D12700442437 = {
						CreatedOnToolsVersion = 11.3;
					};
					D9F716E723C2D12700442437 = {
						CreatedOnToolsVersion = 11.3;
						TestTargetID = D9F716D523C2D12700442437;
					};
					D9F716F223C2D12800442437 = {
						CreatedOnToolsVersion = 11.3;
						TestTargetID = D9F716D523C2D12700442437;
					};
				};
			};
			buildConfigurationList = D9F716D123C2D12700442437 /* Build configuration list for PBXProject "Power Crude" */;
			compatibilityVersion = "Xcode 9.3";
			developmentRegion = en;
			hasScannedForEncodings = 0;
			knownRegions = (
				en,
				Base,
			);
			mainGroup = D9F716CD23C2D12700442437;
			productRefGroup = D9F716D723C2D12700442437 /* Products */;
			projectDirPath = "";
			projectRoot = "";
			targets = (
				D9F716D523C2D12700442437 /* Power Crude */,
				D9F716E723C2D12700442437 /* Power CrudeTests */,
				D9F716F223C2D12800442437 /* Power CrudeUITests */,
			);
		};
/* End PBXProject section */

/* Begin PBXResourcesBuildPhase section */
		D9F716D423C2D12700442437 /* Resources */ = {
			isa = PBXResourcesBuildPhase;
			buildActionMask = 2147483647;
			files = (
				D9294F0823C96E77000E3486 /* InformationSidebarViewController.xib in Resources */,
				D987D4F423C4219900436137 /* AuctionViewController.xib in Resources */,
				D9F7170E23C2D2CE00442437 /* Assets.json in Resources */,
				D961D5D123CAC1E6005A7B4C /* markets.json in Resources */,
				D9F3596C23CBCA19008D2C7A /* MarketViewController.xib in Resources */,
				D9F3597023CBCCAD008D2C7A /* CommodityMarketViewItem.xib in Resources */,
				D987D4F923C424F300436137 /* AssetCollectionViewItem.xib in Resources */,
				D961D5CF23CA7B33005A7B4C /* ProductionViewController.xib in Resources */,
				D966549A23D37712002E9C20 /* AssetSelectionViewController.xib in Resources */,
				D9F716DE23C2D12700442437 /* Assets.xcassets in Resources */,
				D966549E23D3B5C2002E9C20 /* InformationBottomViewController.xib in Resources */,
				D9F716E123C2D12700442437 /* Main.storyboard in Resources */,
			);
			runOnlyForDeploymentPostprocessing = 0;
		};
		D9F716E623C2D12700442437 /* Resources */ = {
			isa = PBXResourcesBuildPhase;
			buildActionMask = 2147483647;
			files = (
			);
			runOnlyForDeploymentPostprocessing = 0;
		};
		D9F716F123C2D12800442437 /* Resources */ = {
			isa = PBXResourcesBuildPhase;
			buildActionMask = 2147483647;
			files = (
			);
			runOnlyForDeploymentPostprocessing = 0;
		};
/* End PBXResourcesBuildPhase section */

/* Begin PBXSourcesBuildPhase section */
		D9F716D223C2D12700442437 /* Sources */ = {
			isa = PBXSourcesBuildPhase;
			buildActionMask = 2147483647;
			files = (
				D987D4F823C424F300436137 /* AssetCollectionViewItem.swift in Sources */,
				D9294F0723C96E77000E3486 /* InformationSidebarViewController.swift in Sources */,
				D9F7170923C2D26700442437 /* Asset.swift in Sources */,
				D966549923D37712002E9C20 /* AssetSelectionViewController.swift in Sources */,
				D9F7170A23C2D26700442437 /* Commodities.swift in Sources */,
				D9F3596B23CBCA19008D2C7A /* MarketViewController.swift in Sources */,
				D9F3596F23CBCCAD008D2C7A /* CommodityMarketViewItem.swift in Sources */,
				D961D5CE23CA7B33005A7B4C /* ProductionViewController.swift in Sources */,
				D9F7171023C2D39D00442437 /* GameState.swift in Sources */,
				D9F792BA23C5789C0047A47D /* Player.swift in Sources */,
				D966549D23D3B5C2002E9C20 /* InformationBottomViewController.swift in Sources */,
				D9F716DC23C2D12700442437 /* ViewController.swift in Sources */,
				D987D4F323C4219900436137 /* AuctionViewController.swift in Sources */,
				D961D5CB23CA4C69005A7B4C /* PhaseViewController.swift in Sources */,
				D9F716DA23C2D12700442437 /* AppDelegate.swift in Sources */,
				D961D5D323CAC5A7005A7B4C /* Market.swift in Sources */,
			);
			runOnlyForDeploymentPostprocessing = 0;
		};
		D9F716E423C2D12700442437 /* Sources */ = {
			isa = PBXSourcesBuildPhase;
			buildActionMask = 2147483647;
			files = (
				D9F716ED23C2D12700442437 /* Power_CrudeTests.swift in Sources */,
			);
			runOnlyForDeploymentPostprocessing = 0;
		};
		D9F716EF23C2D12800442437 /* Sources */ = {
			isa = PBXSourcesBuildPhase;
			buildActionMask = 2147483647;
			files = (
				D9F716F823C2D12800442437 /* Power_CrudeUITests.swift in Sources */,
			);
			runOnlyForDeploymentPostprocessing = 0;
		};
/* End PBXSourcesBuildPhase section */

/* Begin PBXTargetDependency section */
		D9F716EA23C2D12700442437 /* PBXTargetDependency */ = {
			isa = PBXTargetDependency;
			target = D9F716D523C2D12700442437 /* Power Crude */;
			targetProxy = D9F716E923C2D12700442437 /* PBXContainerItemProxy */;
		};
		D9F716F523C2D12800442437 /* PBXTargetDependency */ = {
			isa = PBXTargetDependency;
			target = D9F716D523C2D12700442437 /* Power Crude */;
			targetProxy = D9F716F423C2D12800442437 /* PBXContainerItemProxy */;
		};
/* End PBXTargetDependency section */

/* Begin PBXVariantGroup section */
		D9F716DF23C2D12700442437 /* Main.storyboard */ = {
			isa = PBXVariantGroup;
			children = (
				D9F716E023C2D12700442437 /* Base */,
			);
			name = Main.storyboard;
			sourceTree = "<group>";
		};
/* End PBXVariantGroup section */

/* Begin XCBuildConfiguration section */
		D9F716FA23C2D12800442437 /* Debug */ = {
			isa = XCBuildConfiguration;
			buildSettings = {
				ALWAYS_SEARCH_USER_PATHS = NO;
				CLANG_ANALYZER_NONNULL = YES;
				CLANG_ANALYZER_NUMBER_OBJECT_CONVERSION = YES_AGGRESSIVE;
				CLANG_CXX_LANGUAGE_STANDARD = "gnu++14";
				CLANG_CXX_LIBRARY = "libc++";
				CLANG_ENABLE_MODULES = YES;
				CLANG_ENABLE_OBJC_ARC = YES;
				CLANG_ENABLE_OBJC_WEAK = YES;
				CLANG_WARN_BLOCK_CAPTURE_AUTORELEASING = YES;
				CLANG_WARN_BOOL_CONVERSION = YES;
				CLANG_WARN_COMMA = YES;
				CLANG_WARN_CONSTANT_CONVERSION = YES;
				CLANG_WARN_DEPRECATED_OBJC_IMPLEMENTATIONS = YES;
				CLANG_WARN_DIRECT_OBJC_ISA_USAGE = YES_ERROR;
				CLANG_WARN_DOCUMENTATION_COMMENTS = YES;
				CLANG_WARN_EMPTY_BODY = YES;
				CLANG_WARN_ENUM_CONVERSION = YES;
				CLANG_WARN_INFINITE_RECURSION = YES;
				CLANG_WARN_INT_CONVERSION = YES;
				CLANG_WARN_NON_LITERAL_NULL_CONVERSION = YES;
				CLANG_WARN_OBJC_IMPLICIT_RETAIN_SELF = YES;
				CLANG_WARN_OBJC_LITERAL_CONVERSION = YES;
				CLANG_WARN_OBJC_ROOT_CLASS = YES_ERROR;
				CLANG_WARN_RANGE_LOOP_ANALYSIS = YES;
				CLANG_WARN_STRICT_PROTOTYPES = YES;
				CLANG_WARN_SUSPICIOUS_MOVE = YES;
				CLANG_WARN_UNGUARDED_AVAILABILITY = YES_AGGRESSIVE;
				CLANG_WARN_UNREACHABLE_CODE = YES;
				CLANG_WARN__DUPLICATE_METHOD_MATCH = YES;
				COPY_PHASE_STRIP = NO;
				DEBUG_INFORMATION_FORMAT = dwarf;
				ENABLE_STRICT_OBJC_MSGSEND = YES;
				ENABLE_TESTABILITY = YES;
				GCC_C_LANGUAGE_STANDARD = gnu11;
				GCC_DYNAMIC_NO_PIC = NO;
				GCC_NO_COMMON_BLOCKS = YES;
				GCC_OPTIMIZATION_LEVEL = 0;
				GCC_PREPROCESSOR_DEFINITIONS = (
					"DEBUG=1",
					"$(inherited)",
				);
				GCC_WARN_64_TO_32_BIT_CONVERSION = YES;
				GCC_WARN_ABOUT_RETURN_TYPE = YES_ERROR;
				GCC_WARN_UNDECLARED_SELECTOR = YES;
				GCC_WARN_UNINITIALIZED_AUTOS = YES_AGGRESSIVE;
				GCC_WARN_UNUSED_FUNCTION = YES;
				GCC_WARN_UNUSED_VARIABLE = YES;
				MACOSX_DEPLOYMENT_TARGET = 10.15;
				MTL_ENABLE_DEBUG_INFO = INCLUDE_SOURCE;
				MTL_FAST_MATH = YES;
				ONLY_ACTIVE_ARCH = YES;
				SDKROOT = macosx;
				SWIFT_ACTIVE_COMPILATION_CONDITIONS = DEBUG;
				SWIFT_OPTIMIZATION_LEVEL = "-Onone";
			};
			name = Debug;
		};
		D9F716FB23C2D12800442437 /* Release */ = {
			isa = XCBuildConfiguration;
			buildSettings = {
				ALWAYS_SEARCH_USER_PATHS = NO;
				CLANG_ANALYZER_NONNULL = YES;
				CLANG_ANALYZER_NUMBER_OBJECT_CONVERSION = YES_AGGRESSIVE;
				CLANG_CXX_LANGUAGE_STANDARD = "gnu++14";
				CLANG_CXX_LIBRARY = "libc++";
				CLANG_ENABLE_MODULES = YES;
				CLANG_ENABLE_OBJC_ARC = YES;
				CLANG_ENABLE_OBJC_WEAK = YES;
				CLANG_WARN_BLOCK_CAPTURE_AUTORELEASING = YES;
				CLANG_WARN_BOOL_CONVERSION = YES;
				CLANG_WARN_COMMA = YES;
				CLANG_WARN_CONSTANT_CONVERSION = YES;
				CLANG_WARN_DEPRECATED_OBJC_IMPLEMENTATIONS = YES;
				CLANG_WARN_DIRECT_OBJC_ISA_USAGE = YES_ERROR;
				CLANG_WARN_DOCUMENTATION_COMMENTS = YES;
				CLANG_WARN_EMPTY_BODY = YES;
				CLANG_WARN_ENUM_CONVERSION = YES;
				CLANG_WARN_INFINITE_RECURSION = YES;
				CLANG_WARN_INT_CONVERSION = YES;
				CLANG_WARN_NON_LITERAL_NULL_CONVERSION = YES;
				CLANG_WARN_OBJC_IMPLICIT_RETAIN_SELF = YES;
				CLANG_WARN_OBJC_LITERAL_CONVERSION = YES;
				CLANG_WARN_OBJC_ROOT_CLASS = YES_ERROR;
				CLANG_WARN_RANGE_LOOP_ANALYSIS = YES;
				CLANG_WARN_STRICT_PROTOTYPES = YES;
				CLANG_WARN_SUSPICIOUS_MOVE = YES;
				CLANG_WARN_UNGUARDED_AVAILABILITY = YES_AGGRESSIVE;
				CLANG_WARN_UNREACHABLE_CODE = YES;
				CLANG_WARN__DUPLICATE_METHOD_MATCH = YES;
				COPY_PHASE_STRIP = NO;
				DEBUG_INFORMATION_FORMAT = "dwarf-with-dsym";
				ENABLE_NS_ASSERTIONS = NO;
				ENABLE_STRICT_OBJC_MSGSEND = YES;
				GCC_C_LANGUAGE_STANDARD = gnu11;
				GCC_NO_COMMON_BLOCKS = YES;
				GCC_WARN_64_TO_32_BIT_CONVERSION = YES;
				GCC_WARN_ABOUT_RETURN_TYPE = YES_ERROR;
				GCC_WARN_UNDECLARED_SELECTOR = YES;
				GCC_WARN_UNINITIALIZED_AUTOS = YES_AGGRESSIVE;
				GCC_WARN_UNUSED_FUNCTION = YES;
				GCC_WARN_UNUSED_VARIABLE = YES;
				MACOSX_DEPLOYMENT_TARGET = 10.15;
				MTL_ENABLE_DEBUG_INFO = NO;
				MTL_FAST_MATH = YES;
				SDKROOT = macosx;
				SWIFT_COMPILATION_MODE = wholemodule;
				SWIFT_OPTIMIZATION_LEVEL = "-O";
			};
			name = Release;
		};
		D9F716FD23C2D12800442437 /* Debug */ = {
			isa = XCBuildConfiguration;
			buildSettings = {
				ASSETCATALOG_COMPILER_APPICON_NAME = AppIcon;
				CODE_SIGN_ENTITLEMENTS = "Power Crude/Power_Crude.entitlements";
				CODE_SIGN_STYLE = Automatic;
				COMBINE_HIDPI_IMAGES = YES;
				DEVELOPMENT_TEAM = Y93ZHF2YCD;
				ENABLE_HARDENED_RUNTIME = YES;
				INFOPLIST_FILE = "Power Crude/Info.plist";
				LD_RUNPATH_SEARCH_PATHS = (
					"$(inherited)",
					"@executable_path/../Frameworks",
				);
				PRODUCT_BUNDLE_IDENTIFIER = "com.shinybuttonsoftware.Power-Crude";
				PRODUCT_NAME = "$(TARGET_NAME)";
				SWIFT_VERSION = 5.0;
			};
			name = Debug;
		};
		D9F716FE23C2D12800442437 /* Release */ = {
			isa = XCBuildConfiguration;
			buildSettings = {
				ASSETCATALOG_COMPILER_APPICON_NAME = AppIcon;
				CODE_SIGN_ENTITLEMENTS = "Power Crude/Power_Crude.entitlements";
				CODE_SIGN_STYLE = Automatic;
				COMBINE_HIDPI_IMAGES = YES;
				DEVELOPMENT_TEAM = Y93ZHF2YCD;
				ENABLE_HARDENED_RUNTIME = YES;
				INFOPLIST_FILE = "Power Crude/Info.plist";
				LD_RUNPATH_SEARCH_PATHS = (
					"$(inherited)",
					"@executable_path/../Frameworks",
				);
				PRODUCT_BUNDLE_IDENTIFIER = "com.shinybuttonsoftware.Power-Crude";
				PRODUCT_NAME = "$(TARGET_NAME)";
				SWIFT_VERSION = 5.0;
			};
			name = Release;
		};
		D9F7170023C2D12800442437 /* Debug */ = {
			isa = XCBuildConfiguration;
			buildSettings = {
				ALWAYS_EMBED_SWIFT_STANDARD_LIBRARIES = YES;
				BUNDLE_LOADER = "$(TEST_HOST)";
				CODE_SIGN_STYLE = Automatic;
				COMBINE_HIDPI_IMAGES = YES;
				DEVELOPMENT_TEAM = Y93ZHF2YCD;
				INFOPLIST_FILE = "Power CrudeTests/Info.plist";
				LD_RUNPATH_SEARCH_PATHS = (
					"$(inherited)",
					"@executable_path/../Frameworks",
					"@loader_path/../Frameworks",
				);
				MACOSX_DEPLOYMENT_TARGET = 10.15;
				PRODUCT_BUNDLE_IDENTIFIER = "com.shinybuttonsoftware.Power-CrudeTests";
				PRODUCT_NAME = "$(TARGET_NAME)";
				SWIFT_VERSION = 5.0;
				TEST_HOST = "$(BUILT_PRODUCTS_DIR)/Power Crude.app/Contents/MacOS/Power Crude";
			};
			name = Debug;
		};
		D9F7170123C2D12800442437 /* Release */ = {
			isa = XCBuildConfiguration;
			buildSettings = {
				ALWAYS_EMBED_SWIFT_STANDARD_LIBRARIES = YES;
				BUNDLE_LOADER = "$(TEST_HOST)";
				CODE_SIGN_STYLE = Automatic;
				COMBINE_HIDPI_IMAGES = YES;
				DEVELOPMENT_TEAM = Y93ZHF2YCD;
				INFOPLIST_FILE = "Power CrudeTests/Info.plist";
				LD_RUNPATH_SEARCH_PATHS = (
					"$(inherited)",
					"@executable_path/../Frameworks",
					"@loader_path/../Frameworks",
				);
				MACOSX_DEPLOYMENT_TARGET = 10.15;
				PRODUCT_BUNDLE_IDENTIFIER = "com.shinybuttonsoftware.Power-CrudeTests";
				PRODUCT_NAME = "$(TARGET_NAME)";
				SWIFT_VERSION = 5.0;
				TEST_HOST = "$(BUILT_PRODUCTS_DIR)/Power Crude.app/Contents/MacOS/Power Crude";
			};
			name = Release;
		};
		D9F7170323C2D12800442437 /* Debug */ = {
			isa = XCBuildConfiguration;
			buildSettings = {
				ALWAYS_EMBED_SWIFT_STANDARD_LIBRARIES = YES;
				CODE_SIGN_STYLE = Automatic;
				COMBINE_HIDPI_IMAGES = YES;
				DEVELOPMENT_TEAM = Y93ZHF2YCD;
				INFOPLIST_FILE = "Power CrudeUITests/Info.plist";
				LD_RUNPATH_SEARCH_PATHS = (
					"$(inherited)",
					"@executable_path/../Frameworks",
					"@loader_path/../Frameworks",
				);
				PRODUCT_BUNDLE_IDENTIFIER = "com.shinybuttonsoftware.Power-CrudeUITests";
				PRODUCT_NAME = "$(TARGET_NAME)";
				SWIFT_VERSION = 5.0;
				TEST_TARGET_NAME = "Power Crude";
			};
			name = Debug;
		};
		D9F7170423C2D12800442437 /* Release */ = {
			isa = XCBuildConfiguration;
			buildSettings = {
				ALWAYS_EMBED_SWIFT_STANDARD_LIBRARIES = YES;
				CODE_SIGN_STYLE = Automatic;
				COMBINE_HIDPI_IMAGES = YES;
				DEVELOPMENT_TEAM = Y93ZHF2YCD;
				INFOPLIST_FILE = "Power CrudeUITests/Info.plist";
				LD_RUNPATH_SEARCH_PATHS = (
					"$(inherited)",
					"@executable_path/../Frameworks",
					"@loader_path/../Frameworks",
				);
				PRODUCT_BUNDLE_IDENTIFIER = "com.shinybuttonsoftware.Power-CrudeUITests";
				PRODUCT_NAME = "$(TARGET_NAME)";
				SWIFT_VERSION = 5.0;
				TEST_TARGET_NAME = "Power Crude";
			};
			name = Release;
		};
/* End XCBuildConfiguration section */

/* Begin XCConfigurationList section */
		D9F716D123C2D12700442437 /* Build configuration list for PBXProject "Power Crude" */ = {
			isa = XCConfigurationList;
			buildConfigurations = (
				D9F716FA23C2D12800442437 /* Debug */,
				D9F716FB23C2D12800442437 /* Release */,
			);
			defaultConfigurationIsVisible = 0;
			defaultConfigurationName = Release;
		};
		D9F716FC23C2D12800442437 /* Build configuration list for PBXNativeTarget "Power Crude" */ = {
			isa = XCConfigurationList;
			buildConfigurations = (
				D9F716FD23C2D12800442437 /* Debug */,
				D9F716FE23C2D12800442437 /* Release */,
			);
			defaultConfigurationIsVisible = 0;
			defaultConfigurationName = Release;
		};
		D9F716FF23C2D12800442437 /* Build configuration list for PBXNativeTarget "Power CrudeTests" */ = {
			isa = XCConfigurationList;
			buildConfigurations = (
				D9F7170023C2D12800442437 /* Debug */,
				D9F7170123C2D12800442437 /* Release */,
			);
			defaultConfigurationIsVisible = 0;
			defaultConfigurationName = Release;
		};
		D9F7170223C2D12800442437 /* Build configuration list for PBXNativeTarget "Power CrudeUITests" */ = {
			isa = XCConfigurationList;
			buildConfigurations = (
				D9F7170323C2D12800442437 /* Debug */,
				D9F7170423C2D12800442437 /* Release */,
			);
			defaultConfigurationIsVisible = 0;
			defaultConfigurationName = Release;
		};
/* End XCConfigurationList section */
	};
	rootObject = D9F716CE23C2D12700442437 /* Project object */;
}
